
Microsoft Visual Studio Solution File, Format Version 12.00
# Visual Studio Version 17
VisualStudioVersion = 17.9.34622.214
MinimumVisualStudioVersion = 10.0.40219.1
Project("{FAE04EC0-301F-11D3-BF4B-00C04F79EFBC}") = "Recipe", "Recipe.csproj", "{4A5E6899-E82C-4752-8203-17513C05E927}"
EndProject
Project("{FAE04EC0-301F-11D3-BF4B-00C04F79EFBC}") = "CalculateTotalCalories()", "..\CalculateTotalCalories()\CalculateTotalCalories().csproj", "{04AA24BD-A4B1-420E-8241-818F12212544}"
EndProject
Global
	GlobalSection(SolutionConfigurationPlatforms) = preSolution
		Debug|Any CPU = Debug|Any CPU
		Release|Any CPU = Release|Any CPU
	EndGlobalSection
	GlobalSection(ProjectConfigurationPlatforms) = postSolution
		{4A5E6899-E82C-4752-8203-17513C05E927}.Debug|Any CPU.ActiveCfg = Debug|Any CPU
		{4A5E6899-E82C-4752-8203-17513C05E927}.Debug|Any CPU.Build.0 = Debug|Any CPU
		{4A5E6899-E82C-4752-8203-17513C05E927}.Release|Any CPU.ActiveCfg = Release|Any CPU
		{4A5E6899-E82C-4752-8203-17513C05E927}.Release|Any CPU.Build.0 = Release|Any CPU
		{04AA24BD-A4B1-420E-8241-818F12212544}.Debug|Any CPU.ActiveCfg = Debug|Any CPU
		{04AA24BD-A4B1-420E-8241-818F12212544}.Debug|Any CPU.Build.0 = Debug|Any CPU
		{04AA24BD-A4B1-420E-8241-818F12212544}.Release|Any CPU.ActiveCfg = Release|Any CPU
		{04AA24BD-A4B1-420E-8241-818F12212544}.Release|Any CPU.Build.0 = Release|Any CPU
	EndGlobalSection
	GlobalSection(SolutionProperties) = preSolution
		HideSolutionNode = FALSE
	EndGlobalSection
	GlobalSection(ExtensibilityGlobals) = postSolution
		SolutionGuid = {686E1C39-50EE-4D71-8A60-5E8A50C8FE27}
	EndGlobalSection
EndGlobal
