
Microsoft Visual Studio Solution File, Format Version 12.00
# Visual Studio Version 17
VisualStudioVersion = 17.9.34622.214
MinimumVisualStudioVersion = 10.0.40219.1
Project("{FAE04EC0-301F-11D3-BF4B-00C04F79EFBC}") = "RecipeApp", "RecipeApp.csproj", "{F9051A03-801C-48F1-99FF-AB6AE9C2D9A1}"
EndProject
Project("{FAE04EC0-301F-11D3-BF4B-00C04F79EFBC}") = "RecipeAppTests", "..\RecipeAppTests\RecipeAppTests.csproj", "{B3DA9278-15C4-4A73-9B56-BC6FCA39EAFB}"
EndProject
Project("{2150E333-8FDC-42A3-9474-1A3956D46DE8}") = "Programming POE PART 2", "Programming POE PART 2", "{403F9861-3D45-43AC-9F37-CB6C6C81CBC8}"
EndProject
Global
	GlobalSection(SolutionConfigurationPlatforms) = preSolution
		Debug|Any CPU = Debug|Any CPU
		Release|Any CPU = Release|Any CPU
	EndGlobalSection
	GlobalSection(ProjectConfigurationPlatforms) = postSolution
		{F9051A03-801C-48F1-99FF-AB6AE9C2D9A1}.Debug|Any CPU.ActiveCfg = Debug|Any CPU
		{F9051A03-801C-48F1-99FF-AB6AE9C2D9A1}.Debug|Any CPU.Build.0 = Debug|Any CPU
		{F9051A03-801C-48F1-99FF-AB6AE9C2D9A1}.Release|Any CPU.ActiveCfg = Release|Any CPU
		{F9051A03-801C-48F1-99FF-AB6AE9C2D9A1}.Release|Any CPU.Build.0 = Release|Any CPU
		{B3DA9278-15C4-4A73-9B56-BC6FCA39EAFB}.Debug|Any CPU.ActiveCfg = Debug|Any CPU
		{B3DA9278-15C4-4A73-9B56-BC6FCA39EAFB}.Debug|Any CPU.Build.0 = Debug|Any CPU
		{B3DA9278-15C4-4A73-9B56-BC6FCA39EAFB}.Release|Any CPU.ActiveCfg = Release|Any CPU
		{B3DA9278-15C4-4A73-9B56-BC6FCA39EAFB}.Release|Any CPU.Build.0 = Release|Any CPU
	EndGlobalSection
	GlobalSection(SolutionProperties) = preSolution
		HideSolutionNode = FALSE
	EndGlobalSection
	GlobalSection(NestedProjects) = preSolution
		{F9051A03-801C-48F1-99FF-AB6AE9C2D9A1} = {403F9861-3D45-43AC-9F37-CB6C6C81CBC8}
		{B3DA9278-15C4-4A73-9B56-BC6FCA39EAFB} = {403F9861-3D45-43AC-9F37-CB6C6C81CBC8}
	EndGlobalSection
	GlobalSection(ExtensibilityGlobals) = postSolution
		SolutionGuid = {3629F232-BCD9-416E-B4B7-717874E42126}
	EndGlobalSection
EndGlobal
